// !$*UTF8*$!
{
	archiveVersion = 1;
	classes = {
	};
	objectVersion = 50;
	objects = {

/* Begin PBXBuildFile section */
		EFFC4FB12244EFE900BC4FEC /* AppDelegate.swift in Sources */ = {isa = PBXBuildFile; fileRef = EFFC4FB02244EFE900BC4FEC /* AppDelegate.swift */; };
		EFFC4FB32244EFE900BC4FEC /* TestingViewController.swift in Sources */ = {isa = PBXBuildFile; fileRef = EFFC4FB22244EFE900BC4FEC /* TestingViewController.swift */; };
		EFFC4FB62244EFE900BC4FEC /* Main.storyboard in Resources */ = {isa = PBXBuildFile; fileRef = EFFC4FB42244EFE900BC4FEC /* Main.storyboard */; };
		EFFC4FB82244EFEC00BC4FEC /* Assets.xcassets in Resources */ = {isa = PBXBuildFile; fileRef = EFFC4FB72244EFEC00BC4FEC /* Assets.xcassets */; };
		EFFC4FBB2244EFEC00BC4FEC /* LaunchScreen.storyboard in Resources */ = {isa = PBXBuildFile; fileRef = EFFC4FB92244EFEC00BC4FEC /* LaunchScreen.storyboard */; };
		EFFC4FC62244EFEC00BC4FEC /* OpenWeatherMapTests.swift in Sources */ = {isa = PBXBuildFile; fileRef = EFFC4FC52244EFEC00BC4FEC /* OpenWeatherMapTests.swift */; };
		EFFC4FD12245E6C000BC4FEC /* Api.swift in Sources */ = {isa = PBXBuildFile; fileRef = EFFC4FD02245E6C000BC4FEC /* Api.swift */; };
		EFFC4FD322461A9900BC4FEC /* ForecastFullTableViewController.swift in Sources */ = {isa = PBXBuildFile; fileRef = EFFC4FD222461A9900BC4FEC /* ForecastFullTableViewController.swift */; };
		EFFC4FD5224626B800BC4FEC /* Misc.swift in Sources */ = {isa = PBXBuildFile; fileRef = EFFC4FD4224626B800BC4FEC /* Misc.swift */; };
/* End PBXBuildFile section */

/* Begin PBXContainerItemProxy section */
		EFFC4FC22244EFEC00BC4FEC /* PBXContainerItemProxy */ = {
			isa = PBXContainerItemProxy;
			containerPortal = EFFC4FA52244EFE900BC4FEC /* Project object */;
			proxyType = 1;
			remoteGlobalIDString = EFFC4FAC2244EFE900BC4FEC;
			remoteInfo = OpenWeatherMap;
		};
/* End PBXContainerItemProxy section */

/* Begin PBXFileReference section */
		EFFC4FAD2244EFE900BC4FEC /* OpenWeatherMap.app */ = {isa = PBXFileReference; explicitFileType = wrapper.application; includeInIndex = 0; path = OpenWeatherMap.app; sourceTree = BUILT_PRODUCTS_DIR; };
		EFFC4FB02244EFE900BC4FEC /* AppDelegate.swift */ = {isa = PBXFileReference; lastKnownFileType = sourcecode.swift; path = AppDelegate.swift; sourceTree = "<group>"; };
		EFFC4FB22244EFE900BC4FEC /* TestingViewController.swift */ = {isa = PBXFileReference; lastKnownFileType = sourcecode.swift; path = TestingViewController.swift; sourceTree = "<group>"; };
		EFFC4FB52244EFE900BC4FEC /* Base */ = {isa = PBXFileReference; lastKnownFileType = file.storyboard; name = Base; path = Base.lproj/Main.storyboard; sourceTree = "<group>"; };
		EFFC4FB72244EFEC00BC4FEC /* Assets.xcassets */ = {isa = PBXFileReference; lastKnownFileType = folder.assetcatalog; path = Assets.xcassets; sourceTree = "<group>"; };
		EFFC4FBA2244EFEC00BC4FEC /* Base */ = {isa = PBXFileReference; lastKnownFileType = file.storyboard; name = Base; path = Base.lproj/LaunchScreen.storyboard; sourceTree = "<group>"; };
		EFFC4FBC2244EFEC00BC4FEC /* Info.plist */ = {isa = PBXFileReference; lastKnownFileType = text.plist.xml; path = Info.plist; sourceTree = "<group>"; };
		EFFC4FC12244EFEC00BC4FEC /* OpenWeatherMapTests.xctest */ = {isa = PBXFileReference; explicitFileType = wrapper.cfbundle; includeInIndex = 0; path = OpenWeatherMapTests.xctest; sourceTree = BUILT_PRODUCTS_DIR; };
		EFFC4FC52244EFEC00BC4FEC /* OpenWeatherMapTests.swift */ = {isa = PBXFileReference; lastKnownFileType = sourcecode.swift; path = OpenWeatherMapTests.swift; sourceTree = "<group>"; };
		EFFC4FC72244EFEC00BC4FEC /* Info.plist */ = {isa = PBXFileReference; lastKnownFileType = text.plist.xml; path = Info.plist; sourceTree = "<group>"; };
		EFFC4FD02245E6C000BC4FEC /* Api.swift */ = {isa = PBXFileReference; lastKnownFileType = sourcecode.swift; path = Api.swift; sourceTree = "<group>"; };
		EFFC4FD222461A9900BC4FEC /* ForecastFullTableViewController.swift */ = {isa = PBXFileReference; lastKnownFileType = sourcecode.swift; path = ForecastFullTableViewController.swift; sourceTree = "<group>"; };
		EFFC4FD4224626B800BC4FEC /* Misc.swift */ = {isa = PBXFileReference; lastKnownFileType = sourcecode.swift; path = Misc.swift; sourceTree = "<group>"; };
/* End PBXFileReference section */

/* Begin PBXFrameworksBuildPhase section */
		EFFC4FAA2244EFE900BC4FEC /* Frameworks */ = {
			isa = PBXFrameworksBuildPhase;
			buildActionMask = 2147483647;
			files = (
			);
			runOnlyForDeploymentPostprocessing = 0;
		};
		EFFC4FBE2244EFEC00BC4FEC /* Frameworks */ = {
			isa = PBXFrameworksBuildPhase;
			buildActionMask = 2147483647;
			files = (
			);
			runOnlyForDeploymentPostprocessing = 0;
		};
/* End PBXFrameworksBuildPhase section */

/* Begin PBXGroup section */
		EFFC4FA42244EFE900BC4FEC = {
			isa = PBXGroup;
			children = (
				EFFC4FAF2244EFE900BC4FEC /* OpenWeatherMap */,
				EFFC4FC42244EFEC00BC4FEC /* OpenWeatherMapTests */,
				EFFC4FAE2244EFE900BC4FEC /* Products */,
			);
			sourceTree = "<group>";
		};
		EFFC4FAE2244EFE900BC4FEC /* Products */ = {
			isa = PBXGroup;
			children = (
				EFFC4FAD2244EFE900BC4FEC /* OpenWeatherMap.app */,
				EFFC4FC12244EFEC00BC4FEC /* OpenWeatherMapTests.xctest */,
			);
			name = Products;
			sourceTree = "<group>";
		};
		EFFC4FAF2244EFE900BC4FEC /* OpenWeatherMap */ = {
			isa = PBXGroup;
			children = (
				EFFC4FB02244EFE900BC4FEC /* AppDelegate.swift */,
				EFFC4FD4224626B800BC4FEC /* Misc.swift */,
				EFFC4FB22244EFE900BC4FEC /* TestingViewController.swift */,
				EFFC4FD222461A9900BC4FEC /* ForecastFullTableViewController.swift */,
				EFFC4FB42244EFE900BC4FEC /* Main.storyboard */,
				EFFC4FD02245E6C000BC4FEC /* Api.swift */,
				EFFC4FB72244EFEC00BC4FEC /* Assets.xcassets */,
				EFFC4FB92244EFEC00BC4FEC /* LaunchScreen.storyboard */,
				EFFC4FBC2244EFEC00BC4FEC /* Info.plist */,
			);
			path = OpenWeatherMap;
			sourceTree = "<group>";
		};
		EFFC4FC42244EFEC00BC4FEC /* OpenWeatherMapTests */ = {
			isa = PBXGroup;
			children = (
				EFFC4FC52244EFEC00BC4FEC /* OpenWeatherMapTests.swift */,
				EFFC4FC72244EFEC00BC4FEC /* Info.plist */,
			);
			path = OpenWeatherMapTests;
			sourceTree = "<group>";
		};
/* End PBXGroup section */

/* Begin PBXNativeTarget section */
		EFFC4FAC2244EFE900BC4FEC /* OpenWeatherMap */ = {
			isa = PBXNativeTarget;
			buildConfigurationList = EFFC4FCA2244EFEC00BC4FEC /* Build configuration list for PBXNativeTarget "OpenWeatherMap" */;
			buildPhases = (
				EFFC4FA92244EFE900BC4FEC /* Sources */,
				EFFC4FAA2244EFE900BC4FEC /* Frameworks */,
				EFFC4FAB2244EFE900BC4FEC /* Resources */,
			);
			buildRules = (
			);
			dependencies = (
			);
			name = OpenWeatherMap;
			productName = OpenWeatherMap;
			productReference = EFFC4FAD2244EFE900BC4FEC /* OpenWeatherMap.app */;
			productType = "com.apple.product-type.application";
		};
		EFFC4FC02244EFEC00BC4FEC /* OpenWeatherMapTests */ = {
			isa = PBXNativeTarget;
			buildConfigurationList = EFFC4FCD2244EFEC00BC4FEC /* Build configuration list for PBXNativeTarget "OpenWeatherMapTests" */;
			buildPhases = (
				EFFC4FBD2244EFEC00BC4FEC /* Sources */,
				EFFC4FBE2244EFEC00BC4FEC /* Frameworks */,
				EFFC4FBF2244EFEC00BC4FEC /* Resources */,
			);
			buildRules = (
			);
			dependencies = (
				EFFC4FC32244EFEC00BC4FEC /* PBXTargetDependency */,
			);
			name = OpenWeatherMapTests;
			productName = OpenWeatherMapTests;
			productReference = EFFC4FC12244EFEC00BC4FEC /* OpenWeatherMapTests.xctest */;
			productType = "com.apple.product-type.bundle.unit-test";
		};
/* End PBXNativeTarget section */

/* Begin PBXProject section */
		EFFC4FA52244EFE900BC4FEC /* Project object */ = {
			isa = PBXProject;
			attributes = {
				LastSwiftUpdateCheck = 1010;
				LastUpgradeCheck = 1010;
				ORGANIZATIONNAME = "John Goh";
				TargetAttributes = {
					EFFC4FAC2244EFE900BC4FEC = {
						CreatedOnToolsVersion = 10.1;
					};
					EFFC4FC02244EFEC00BC4FEC = {
						CreatedOnToolsVersion = 10.1;
						TestTargetID = EFFC4FAC2244EFE900BC4FEC;
					};
				};
			};
			buildConfigurationList = EFFC4FA82244EFE900BC4FEC /* Build configuration list for PBXProject "OpenWeatherMap" */;
			compatibilityVersion = "Xcode 9.3";
			developmentRegion = en;
			hasScannedForEncodings = 0;
			knownRegions = (
				en,
				Base,
			);
			mainGroup = EFFC4FA42244EFE900BC4FEC;
			productRefGroup = EFFC4FAE2244EFE900BC4FEC /* Products */;
			projectDirPath = "";
			projectRoot = "";
			targets = (
				EFFC4FAC2244EFE900BC4FEC /* OpenWeatherMap */,
				EFFC4FC02244EFEC00BC4FEC /* OpenWeatherMapTests */,
			);
		};
/* End PBXProject section */

/* Begin PBXResourcesBuildPhase section */
		EFFC4FAB2244EFE900BC4FEC /* Resources */ = {
			isa = PBXResourcesBuildPhase;
			buildActionMask = 2147483647;
			files = (
				EFFC4FBB2244EFEC00BC4FEC /* LaunchScreen.storyboard in Resources */,
				EFFC4FB82244EFEC00BC4FEC /* Assets.xcassets in Resources */,
				EFFC4FB62244EFE900BC4FEC /* Main.storyboard in Resources */,
			);
			runOnlyForDeploymentPostprocessing = 0;
		};
		EFFC4FBF2244EFEC00BC4FEC /* Resources */ = {
			isa = PBXResourcesBuildPhase;
			buildActionMask = 2147483647;
			files = (
			);
			runOnlyForDeploymentPostprocessing = 0;
		};
/* End PBXResourcesBuildPhase section */

/* Begin PBXSourcesBuildPhase section */
		EFFC4FA92244EFE900BC4FEC /* Sources */ = {
			isa = PBXSourcesBuildPhase;
			buildActionMask = 2147483647;
			files = (
				EFFC4FD12245E6C000BC4FEC /* Api.swift in Sources */,
				EFFC4FD322461A9900BC4FEC /* ForecastFullTableViewController.swift in Sources */,
				EFFC4FB32244EFE900BC4FEC /* TestingViewController.swift in Sources */,
				EFFC4FD5224626B800BC4FEC /* Misc.swift in Sources */,
				EFFC4FB12244EFE900BC4FEC /* AppDelegate.swift in Sources */,
			);
			runOnlyForDeploymentPostprocessing = 0;
		};
		EFFC4FBD2244EFEC00BC4FEC /* Sources */ = {
			isa = PBXSourcesBuildPhase;
			buildActionMask = 2147483647;
			files = (
				EFFC4FC62244EFEC00BC4FEC /* OpenWeatherMapTests.swift in Sources */,
			);
			runOnlyForDeploymentPostprocessing = 0;
		};
/* End PBXSourcesBuildPhase section */

/* Begin PBXTargetDependency section */
		EFFC4FC32244EFEC00BC4FEC /* PBXTargetDependency */ = {
			isa = PBXTargetDependency;
			target = EFFC4FAC2244EFE900BC4FEC /* OpenWeatherMap */;
			targetProxy = EFFC4FC22244EFEC00BC4FEC /* PBXContainerItemProxy */;
		};
/* End PBXTargetDependency section */

/* Begin PBXVariantGroup section */
		EFFC4FB42244EFE900BC4FEC /* Main.storyboard */ = {
			isa = PBXVariantGroup;
			children = (
				EFFC4FB52244EFE900BC4FEC /* Base */,
			);
			name = Main.storyboard;
			sourceTree = "<group>";
		};
		EFFC4FB92244EFEC00BC4FEC /* LaunchScreen.storyboard */ = {
			isa = PBXVariantGroup;
			children = (
				EFFC4FBA2244EFEC00BC4FEC /* Base */,
			);
			name = LaunchScreen.storyboard;
			sourceTree = "<group>";
		};
/* End PBXVariantGroup section */

/* Begin XCBuildConfiguration section */
		EFFC4FC82244EFEC00BC4FEC /* Debug */ = {
			isa = XCBuildConfiguration;
			buildSettings = {
				ALWAYS_SEARCH_USER_PATHS = NO;
				CLANG_ANALYZER_NONNULL = YES;
				CLANG_ANALYZER_NUMBER_OBJECT_CONVERSION = YES_AGGRESSIVE;
				CLANG_CXX_LANGUAGE_STANDARD = "gnu++14";
				CLANG_CXX_LIBRARY = "libc++";
				CLANG_ENABLE_MODULES = YES;
				CLANG_ENABLE_OBJC_ARC = YES;
				CLANG_ENABLE_OBJC_WEAK = YES;
				CLANG_WARN_BLOCK_CAPTURE_AUTORELEASING = YES;
				CLANG_WARN_BOOL_CONVERSION = YES;
				CLANG_WARN_COMMA = YES;
				CLANG_WARN_CONSTANT_CONVERSION = YES;
				CLANG_WARN_DEPRECATED_OBJC_IMPLEMENTATIONS = YES;
				CLANG_WARN_DIRECT_OBJC_ISA_USAGE = YES_ERROR;
				CLANG_WARN_DOCUMENTATION_COMMENTS = YES;
				CLANG_WARN_EMPTY_BODY = YES;
				CLANG_WARN_ENUM_CONVERSION = YES;
				CLANG_WARN_INFINITE_RECURSION = YES;
				CLANG_WARN_INT_CONVERSION = YES;
				CLANG_WARN_NON_LITERAL_NULL_CONVERSION = YES;
				CLANG_WARN_OBJC_IMPLICIT_RETAIN_SELF = YES;
				CLANG_WARN_OBJC_LITERAL_CONVERSION = YES;
				CLANG_WARN_OBJC_ROOT_CLASS = YES_ERROR;
				CLANG_WARN_RANGE_LOOP_ANALYSIS = YES;
				CLANG_WARN_STRICT_PROTOTYPES = YES;
				CLANG_WARN_SUSPICIOUS_MOVE = YES;
				CLANG_WARN_UNGUARDED_AVAILABILITY = YES_AGGRESSIVE;
				CLANG_WARN_UNREACHABLE_CODE = YES;
				CLANG_WARN__DUPLICATE_METHOD_MATCH = YES;
				CODE_SIGN_IDENTITY = "iPhone Developer";
				COPY_PHASE_STRIP = NO;
				DEBUG_INFORMATION_FORMAT = dwarf;
				ENABLE_STRICT_OBJC_MSGSEND = YES;
				ENABLE_TESTABILITY = YES;
				GCC_C_LANGUAGE_STANDARD = gnu11;
				GCC_DYNAMIC_NO_PIC = NO;
				GCC_NO_COMMON_BLOCKS = YES;
				GCC_OPTIMIZATION_LEVEL = 0;
				GCC_PREPROCESSOR_DEFINITIONS = (
					"DEBUG=1",
					"$(inherited)",
				);
				GCC_WARN_64_TO_32_BIT_CONVERSION = YES;
				GCC_WARN_ABOUT_RETURN_TYPE = YES_ERROR;
				GCC_WARN_UNDECLARED_SELECTOR = YES;
				GCC_WARN_UNINITIALIZED_AUTOS = YES_AGGRESSIVE;
				GCC_WARN_UNUSED_FUNCTION = YES;
				GCC_WARN_UNUSED_VARIABLE = YES;
				IPHONEOS_DEPLOYMENT_TARGET = 12.1;
				MTL_ENABLE_DEBUG_INFO = INCLUDE_SOURCE;
				MTL_FAST_MATH = YES;
				ONLY_ACTIVE_ARCH = YES;
				SDKROOT = iphoneos;
				SWIFT_ACTIVE_COMPILATION_CONDITIONS = DEBUG;
				SWIFT_OPTIMIZATION_LEVEL = "-Onone";
			};
			name = Debug;
		};
		EFFC4FC92244EFEC00BC4FEC /* Release */ = {
			isa = XCBuildConfiguration;
			buildSettings = {
				ALWAYS_SEARCH_USER_PATHS = NO;
				CLANG_ANALYZER_NONNULL = YES;
				CLANG_ANALYZER_NUMBER_OBJECT_CONVERSION = YES_AGGRESSIVE;
				CLANG_CXX_LANGUAGE_STANDARD = "gnu++14";
				CLANG_CXX_LIBRARY = "libc++";
				CLANG_ENABLE_MODULES = YES;
				CLANG_ENABLE_OBJC_ARC = YES;
				CLANG_ENABLE_OBJC_WEAK = YES;
				CLANG_WARN_BLOCK_CAPTURE_AUTORELEASING = YES;
				CLANG_WARN_BOOL_CONVERSION = YES;
				CLANG_WARN_COMMA = YES;
				CLANG_WARN_CONSTANT_CONVERSION = YES;
				CLANG_WARN_DEPRECATED_OBJC_IMPLEMENTATIONS = YES;
				CLANG_WARN_DIRECT_OBJC_ISA_USAGE = YES_ERROR;
				CLANG_WARN_DOCUMENTATION_COMMENTS = YES;
				CLANG_WARN_EMPTY_BODY = YES;
				CLANG_WARN_ENUM_CONVERSION = YES;
				CLANG_WARN_INFINITE_RECURSION = YES;
				CLANG_WARN_INT_CONVERSION = YES;
				CLANG_WARN_NON_LITERAL_NULL_CONVERSION = YES;
				CLANG_WARN_OBJC_IMPLICIT_RETAIN_SELF = YES;
				CLANG_WARN_OBJC_LITERAL_CONVERSION = YES;
				CLANG_WARN_OBJC_ROOT_CLASS = YES_ERROR;
				CLANG_WARN_RANGE_LOOP_ANALYSIS = YES;
				CLANG_WARN_STRICT_PROTOTYPES = YES;
				CLANG_WARN_SUSPICIOUS_MOVE = YES;
				CLANG_WARN_UNGUARDED_AVAILABILITY = YES_AGGRESSIVE;
				CLANG_WARN_UNREACHABLE_CODE = YES;
				CLANG_WARN__DUPLICATE_METHOD_MATCH = YES;
				CODE_SIGN_IDENTITY = "iPhone Developer";
				COPY_PHASE_STRIP = NO;
				DEBUG_INFORMATION_FORMAT = "dwarf-with-dsym";
				ENABLE_NS_ASSERTIONS = NO;
				ENABLE_STRICT_OBJC_MSGSEND = YES;
				GCC_C_LANGUAGE_STANDARD = gnu11;
				GCC_NO_COMMON_BLOCKS = YES;
				GCC_WARN_64_TO_32_BIT_CONVERSION = YES;
				GCC_WARN_ABOUT_RETURN_TYPE = YES_ERROR;
				GCC_WARN_UNDECLARED_SELECTOR = YES;
				GCC_WARN_UNINITIALIZED_AUTOS = YES_AGGRESSIVE;
				GCC_WARN_UNUSED_FUNCTION = YES;
				GCC_WARN_UNUSED_VARIABLE = YES;
				IPHONEOS_DEPLOYMENT_TARGET = 12.1;
				MTL_ENABLE_DEBUG_INFO = NO;
				MTL_FAST_MATH = YES;
				SDKROOT = iphoneos;
				SWIFT_COMPILATION_MODE = wholemodule;
				SWIFT_OPTIMIZATION_LEVEL = "-O";
				VALIDATE_PRODUCT = YES;
			};
			name = Release;
		};
		EFFC4FCB2244EFEC00BC4FEC /* Debug */ = {
			isa = XCBuildConfiguration;
			buildSettings = {
				ASSETCATALOG_COMPILER_APPICON_NAME = AppIcon;
				CODE_SIGN_STYLE = Automatic;
				DEVELOPMENT_TEAM = H5TNQ9W7QZ;
				INFOPLIST_FILE = OpenWeatherMap/Info.plist;
				LD_RUNPATH_SEARCH_PATHS = (
					"$(inherited)",
					"@executable_path/Frameworks",
				);
				PRODUCT_BUNDLE_IDENTIFIER = org.johngoh.OpenWeatherMap;
				PRODUCT_NAME = "$(TARGET_NAME)";
				SWIFT_VERSION = 4.2;
				TARGETED_DEVICE_FAMILY = "1,2";
			};
			name = Debug;
		};
		EFFC4FCC2244EFEC00BC4FEC /* Release */ = {
			isa = XCBuildConfiguration;
			buildSettings = {
				ASSETCATALOG_COMPILER_APPICON_NAME = AppIcon;
				CODE_SIGN_STYLE = Automatic;
				DEVELOPMENT_TEAM = H5TNQ9W7QZ;
				INFOPLIST_FILE = OpenWeatherMap/Info.plist;
				LD_RUNPATH_SEARCH_PATHS = (
					"$(inherited)",
					"@executable_path/Frameworks",
				);
				PRODUCT_BUNDLE_IDENTIFIER = org.johngoh.OpenWeatherMap;
				PRODUCT_NAME = "$(TARGET_NAME)";
				SWIFT_VERSION = 4.2;
				TARGETED_DEVICE_FAMILY = "1,2";
			};
			name = Release;
		};
		EFFC4FCE2244EFEC00BC4FEC /* Debug */ = {
			isa = XCBuildConfiguration;
			buildSettings = {
				ALWAYS_EMBED_SWIFT_STANDARD_LIBRARIES = YES;
				BUNDLE_LOADER = "$(TEST_HOST)";
				CODE_SIGN_STYLE = Automatic;
				INFOPLIST_FILE = OpenWeatherMapTests/Info.plist;
				LD_RUNPATH_SEARCH_PATHS = (
					"$(inherited)",
					"@executable_path/Frameworks",
					"@loader_path/Frameworks",
				);
				PRODUCT_BUNDLE_IDENTIFIER = org.johngoh.OpenWeatherMapTests;
				PRODUCT_NAME = "$(TARGET_NAME)";
				SWIFT_VERSION = 4.2;
				TARGETED_DEVICE_FAMILY = "1,2";
				TEST_HOST = "$(BUILT_PRODUCTS_DIR)/OpenWeatherMap.app/OpenWeatherMap";
			};
			name = Debug;
		};
		EFFC4FCF2244EFEC00BC4FEC /* Release */ = {
			isa = XCBuildConfiguration;
			buildSettings = {
				ALWAYS_EMBED_SWIFT_STANDARD_LIBRARIES = YES;
				BUNDLE_LOADER = "$(TEST_HOST)";
				CODE_SIGN_STYLE = Automatic;
				INFOPLIST_FILE = OpenWeatherMapTests/Info.plist;
				LD_RUNPATH_SEARCH_PATHS = (
					"$(inherited)",
					"@executable_path/Frameworks",
					"@loader_path/Frameworks",
				);
				PRODUCT_BUNDLE_IDENTIFIER = org.johngoh.OpenWeatherMapTests;
				PRODUCT_NAME = "$(TARGET_NAME)";
				SWIFT_VERSION = 4.2;
				TARGETED_DEVICE_FAMILY = "1,2";
				TEST_HOST = "$(BUILT_PRODUCTS_DIR)/OpenWeatherMap.app/OpenWeatherMap";
			};
			name = Release;
		};
/* End XCBuildConfiguration section */

/* Begin XCConfigurationList section */
		EFFC4FA82244EFE900BC4FEC /* Build configuration list for PBXProject "OpenWeatherMap" */ = {
			isa = XCConfigurationList;
			buildConfigurations = (
				EFFC4FC82244EFEC00BC4FEC /* Debug */,
				EFFC4FC92244EFEC00BC4FEC /* Release */,
			);
			defaultConfigurationIsVisible = 0;
			defaultConfigurationName = Release;
		};
		EFFC4FCA2244EFEC00BC4FEC /* Build configuration list for PBXNativeTarget "OpenWeatherMap" */ = {
			isa = XCConfigurationList;
			buildConfigurations = (
				EFFC4FCB2244EFEC00BC4FEC /* Debug */,
				EFFC4FCC2244EFEC00BC4FEC /* Release */,
			);
			defaultConfigurationIsVisible = 0;
			defaultConfigurationName = Release;
		};
		EFFC4FCD2244EFEC00BC4FEC /* Build configuration list for PBXNativeTarget "OpenWeatherMapTests" */ = {
			isa = XCConfigurationList;
			buildConfigurations = (
				EFFC4FCE2244EFEC00BC4FEC /* Debug */,
				EFFC4FCF2244EFEC00BC4FEC /* Release */,
			);
			defaultConfigurationIsVisible = 0;
			defaultConfigurationName = Release;
		};
/* End XCConfigurationList section */
	};
	rootObject = EFFC4FA52244EFE900BC4FEC /* Project object */;
}
